
Microsoft Visual Studio Solution File, Format Version 12.00
# Visual Studio Version 17
VisualStudioVersion = 17.0.31903.59
MinimumVisualStudioVersion = 10.0.40219.1
Project("{FAE04EC0-301F-11D3-BF4B-00C04F79EFBC}") = "AuthAPI", "AuthAPI\AuthAPI.csproj", "{8351AA9F-F84A-4629-9812-A7F130D532F9}"
EndProject
Project("{2150E333-8FDC-42A3-9474-1A3956D46DE8}") = "tests", "tests", "{0AB3BF05-4346-4AA6-1389-037BE0695223}"
EndProject
Project("{FAE04EC0-301F-11D3-BF4B-00C04F79EFBC}") = "AuthAPI.UnitTests", "tests\AuthAPI.UnitTests\AuthAPI.UnitTests.csproj", "{FE573124-2E80-4811-A461-8C63E3568CF0}"
EndProject
Global
	GlobalSection(SolutionConfigurationPlatforms) = preSolution
		Debug|Any CPU = Debug|Any CPU
		Debug|x64 = Debug|x64
		Debug|x86 = Debug|x86
		Release|Any CPU = Release|Any CPU
		Release|x64 = Release|x64
		Release|x86 = Release|x86
	EndGlobalSection
	GlobalSection(ProjectConfigurationPlatforms) = postSolution
		{8351AA9F-F84A-4629-9812-A7F130D532F9}.Debug|Any CPU.ActiveCfg = Debug|Any CPU
		{8351AA9F-F84A-4629-9812-A7F130D532F9}.Debug|Any CPU.Build.0 = Debug|Any CPU
		{8351AA9F-F84A-4629-9812-A7F130D532F9}.Debug|x64.ActiveCfg = Debug|Any CPU
		{8351AA9F-F84A-4629-9812-A7F130D532F9}.Debug|x64.Build.0 = Debug|Any CPU
		{8351AA9F-F84A-4629-9812-A7F130D532F9}.Debug|x86.ActiveCfg = Debug|Any CPU
		{8351AA9F-F84A-4629-9812-A7F130D532F9}.Debug|x86.Build.0 = Debug|Any CPU
		{8351AA9F-F84A-4629-9812-A7F130D532F9}.Release|Any CPU.ActiveCfg = Release|Any CPU
		{8351AA9F-F84A-4629-9812-A7F130D532F9}.Release|Any CPU.Build.0 = Release|Any CPU
		{8351AA9F-F84A-4629-9812-A7F130D532F9}.Release|x64.ActiveCfg = Release|Any CPU
		{8351AA9F-F84A-4629-9812-A7F130D532F9}.Release|x64.Build.0 = Release|Any CPU
		{8351AA9F-F84A-4629-9812-A7F130D532F9}.Release|x86.ActiveCfg = Release|Any CPU
		{8351AA9F-F84A-4629-9812-A7F130D532F9}.Release|x86.Build.0 = Release|Any CPU
		{FE573124-2E80-4811-A461-8C63E3568CF0}.Debug|Any CPU.ActiveCfg = Debug|Any CPU
		{FE573124-2E80-4811-A461-8C63E3568CF0}.Debug|Any CPU.Build.0 = Debug|Any CPU
		{FE573124-2E80-4811-A461-8C63E3568CF0}.Debug|x64.ActiveCfg = Debug|Any CPU
		{FE573124-2E80-4811-A461-8C63E3568CF0}.Debug|x64.Build.0 = Debug|Any CPU
		{FE573124-2E80-4811-A461-8C63E3568CF0}.Debug|x86.ActiveCfg = Debug|Any CPU
		{FE573124-2E80-4811-A461-8C63E3568CF0}.Debug|x86.Build.0 = Debug|Any CPU
		{FE573124-2E80-4811-A461-8C63E3568CF0}.Release|Any CPU.ActiveCfg = Release|Any CPU
		{FE573124-2E80-4811-A461-8C63E3568CF0}.Release|Any CPU.Build.0 = Release|Any CPU
		{FE573124-2E80-4811-A461-8C63E3568CF0}.Release|x64.ActiveCfg = Release|Any CPU
		{FE573124-2E80-4811-A461-8C63E3568CF0}.Release|x64.Build.0 = Release|Any CPU
		{FE573124-2E80-4811-A461-8C63E3568CF0}.Release|x86.ActiveCfg = Release|Any CPU
		{FE573124-2E80-4811-A461-8C63E3568CF0}.Release|x86.Build.0 = Release|Any CPU
	EndGlobalSection
	GlobalSection(SolutionProperties) = preSolution
		HideSolutionNode = FALSE
	EndGlobalSection
	GlobalSection(NestedProjects) = preSolution
		{FE573124-2E80-4811-A461-8C63E3568CF0} = {0AB3BF05-4346-4AA6-1389-037BE0695223}
	EndGlobalSection
EndGlobal
